{
  "nodes": {
    "nixpkgs": {
      "locked": {
        "lastModified": 1767047869,
        "narHash": "sha256-tzYsEzXEVa7op1LTnrLSiPGrcCY6948iD0EcNLWcmzo=",
        "owner": "NixOS",
        "repo": "nixpkgs",
        "rev": "89dbf01df72eb5ebe3b24a86334b12c27d68016a",
        "type": "github"
      },
      "original": {
        "id": "nixpkgs",
        "ref": "nixos-25.11",
        "type": "indirect"
      }
    },
    "root": {
      "inputs": {
        "nixpkgs": "nixpkgs",
        "secrets-dir": "secrets-dir",
        "sops-nix": "sops-nix"
      }
    },
    "secrets-dir": {
      "flake": false,
      "locked": {
        "lastModified": 1757604537,
        "narHash": "sha256-vBTRKCWvzqkoiOsV5HE2+mRomZMnIAttiMAepRKeU9s=",
        "path": "/etc/secrets",
        "type": "path"
      },
      "original": {
        "path": "/etc/secrets",
        "type": "path"
      }
    },
    "sops-nix": {
      "inputs": {
        "nixpkgs": [
          "nixpkgs"
        ]
      },
      "locked": {
        "lastModified": 1766894905,
        "narHash": "sha256-pn8AxxfajqyR/Dmr1wnZYdUXHgM3u6z9x0Z1Ijmz2UQ=",
        "owner": "Mic92",
        "repo": "sops-nix",
        "rev": "61b39c7b657081c2adc91b75dd3ad8a91d6f07a7",
        "type": "github"
      },
      "original": {
        "owner": "Mic92",
        "repo": "sops-nix",
        "type": "github"
      }
    }
  },
  "root": "root",
  "version": 7
}
